<?xml version="1.0" encoding="utf-8"?>
<Project ToolsVersion="4.0" xmlns="http://schemas.microsoft.com/developer/msbuild/2003">
  <ItemGroup>
    <Filter Include="Source Files">
      <UniqueIdentifier>{ada07106-66ec-48c1-8b99-dc600fa9ef84}</UniqueIdentifier>
      <Extensions>cpp;c;cxx;def;asm;mc</Extensions>
    </Filter>
    <Filter Include="Header Files">
      <UniqueIdentifier>{52a1afab-99f4-41fb-87e3-035187c99522}</UniqueIdentifier>
      <Extensions>h;hpp;hxx</Extensions>
    </Filter>
    <Filter Include="Resource Files">
      <UniqueIdentifier>{a27f9d3b-cd65-454e-bc22-fe1216f687cd}</UniqueIdentifier>
      <Extensions>rc;mc;ico;cur;bmp;dlg;rc2</Extensions>
    </Filter>
    <Filter Include="Special Files">
      <UniqueIdentifier>{1e6aa2ed-8936-401e-bb61-067511380b0e}</UniqueIdentifier>
      <Extensions>*</Extensions>
    </Filter>
  </ItemGroup>
  <ItemGroup>
    <ClCompile Include="StealthDriver.cpp">
      <Filter>Source Files</Filter>
    </ClCompile>
    <ClCompile Include="StealthImplementation.cpp">
      <Filter>Source Files</Filter>
    </ClCompile>
  </ItemGroup>
  <ItemGroup>
    <ClInclude Include="drvcommon.h">
      <Filter>Header Files</Filter>
    </ClInclude>
    <ClInclude Include="drvversion.h">
      <Filter>Header Files</Filter>
    </ClInclude>
    <ClInclude Include="resource.h">
      <Filter>Header Files</Filter>
    </ClInclude>
    <ClInclude Include="StealthDriver.h">
      <Filter>Header Files</Filter>
    </ClInclude>
    <ClInclude Include="StealthImplementation.h">
      <Filter>Header Files</Filter>
    </ClInclude>
  </ItemGroup>
  <ItemGroup>
    <ResourceCompile Include="drvversion.rc">
      <Filter>Resource Files</Filter>
    </ResourceCompile>
  </ItemGroup>
  <ItemGroup>
    <None Include="makefile">
      <Filter>Special Files</Filter>
    </None>
    <None Include="sources">
      <Filter>Special Files</Filter>
    </None>
  </ItemGroup>
</Project>