
Microsoft Visual Studio Solution File, Format Version 11.00
# Visual Studio 2010
Project("{8BC9CEB8-8B4A-11D0-8D11-00A0C91BC942}") = "StealthDriver.W7", "StealthDriver\StealthDriver.W7.vcxproj", "{D42B8C42-9344-44E7-844C-524F13995981}"
EndProject
Global
	GlobalSection(SolutionConfigurationPlatforms) = preSolution
		W7 checked (PREfast)|Win32 = W7 checked (PREfast)|Win32
		W7 checked|Win32 = W7 checked|Win32
		W7 free|Win32 = W7 free|Win32
		W7LH checked (PREfast)|Win32 = W7LH checked (PREfast)|Win32
		W7LH checked|Win32 = W7LH checked|Win32
		W7LH free|Win32 = W7LH free|Win32
		W7NET checked (PREfast)|Win32 = W7NET checked (PREfast)|Win32
		W7NET checked|Win32 = W7NET checked|Win32
		W7NET free|Win32 = W7NET free|Win32
		W7XP checked (PREfast)|Win32 = W7XP checked (PREfast)|Win32
		W7XP checked|Win32 = W7XP checked|Win32
		W7XP free|Win32 = W7XP free|Win32
	EndGlobalSection
	GlobalSection(ProjectConfigurationPlatforms) = postSolution
		{D42B8C42-9344-44E7-844C-524F13995981}.W7 checked (PREfast)|Win32.ActiveCfg = W7 checked (PREfast)|Win32
		{D42B8C42-9344-44E7-844C-524F13995981}.W7 checked (PREfast)|Win32.Build.0 = W7 checked (PREfast)|Win32
		{D42B8C42-9344-44E7-844C-524F13995981}.W7 checked (PREfast)|Win32.Deploy.0 = W7 checked (PREfast)|Win32
		{D42B8C42-9344-44E7-844C-524F13995981}.W7 checked|Win32.ActiveCfg = W7 checked|Win32
		{D42B8C42-9344-44E7-844C-524F13995981}.W7 checked|Win32.Build.0 = W7 checked|Win32
		{D42B8C42-9344-44E7-844C-524F13995981}.W7 checked|Win32.Deploy.0 = W7 checked|Win32
		{D42B8C42-9344-44E7-844C-524F13995981}.W7 free|Win32.ActiveCfg = W7 free|Win32
		{D42B8C42-9344-44E7-844C-524F13995981}.W7 free|Win32.Build.0 = W7 free|Win32
		{D42B8C42-9344-44E7-844C-524F13995981}.W7 free|Win32.Deploy.0 = W7 free|Win32
		{D42B8C42-9344-44E7-844C-524F13995981}.W7LH checked (PREfast)|Win32.ActiveCfg = W7LH checked (PREfast)|Win32
		{D42B8C42-9344-44E7-844C-524F13995981}.W7LH checked (PREfast)|Win32.Build.0 = W7LH checked (PREfast)|Win32
		{D42B8C42-9344-44E7-844C-524F13995981}.W7LH checked (PREfast)|Win32.Deploy.0 = W7LH checked (PREfast)|Win32
		{D42B8C42-9344-44E7-844C-524F13995981}.W7LH checked|Win32.ActiveCfg = W7LH checked|Win32
		{D42B8C42-9344-44E7-844C-524F13995981}.W7LH checked|Win32.Build.0 = W7LH checked|Win32
		{D42B8C42-9344-44E7-844C-524F13995981}.W7LH checked|Win32.Deploy.0 = W7LH checked|Win32
		{D42B8C42-9344-44E7-844C-524F13995981}.W7LH free|Win32.ActiveCfg = W7LH free|Win32
		{D42B8C42-9344-44E7-844C-524F13995981}.W7LH free|Win32.Build.0 = W7LH free|Win32
		{D42B8C42-9344-44E7-844C-524F13995981}.W7LH free|Win32.Deploy.0 = W7LH free|Win32
		{D42B8C42-9344-44E7-844C-524F13995981}.W7NET checked (PREfast)|Win32.ActiveCfg = W7NET checked (PREfast)|Win32
		{D42B8C42-9344-44E7-844C-524F13995981}.W7NET checked (PREfast)|Win32.Build.0 = W7NET checked (PREfast)|Win32
		{D42B8C42-9344-44E7-844C-524F13995981}.W7NET checked (PREfast)|Win32.Deploy.0 = W7NET checked (PREfast)|Win32
		{D42B8C42-9344-44E7-844C-524F13995981}.W7NET checked|Win32.ActiveCfg = W7NET checked|Win32
		{D42B8C42-9344-44E7-844C-524F13995981}.W7NET checked|Win32.Build.0 = W7NET checked|Win32
		{D42B8C42-9344-44E7-844C-524F13995981}.W7NET checked|Win32.Deploy.0 = W7NET checked|Win32
		{D42B8C42-9344-44E7-844C-524F13995981}.W7NET free|Win32.ActiveCfg = W7NET free|Win32
		{D42B8C42-9344-44E7-844C-524F13995981}.W7NET free|Win32.Build.0 = W7NET free|Win32
		{D42B8C42-9344-44E7-844C-524F13995981}.W7NET free|Win32.Deploy.0 = W7NET free|Win32
		{D42B8C42-9344-44E7-844C-524F13995981}.W7XP checked (PREfast)|Win32.ActiveCfg = W7XP checked (PREfast)|Win32
		{D42B8C42-9344-44E7-844C-524F13995981}.W7XP checked (PREfast)|Win32.Build.0 = W7XP checked (PREfast)|Win32
		{D42B8C42-9344-44E7-844C-524F13995981}.W7XP checked (PREfast)|Win32.Deploy.0 = W7XP checked (PREfast)|Win32
		{D42B8C42-9344-44E7-844C-524F13995981}.W7XP checked|Win32.ActiveCfg = W7XP checked|Win32
		{D42B8C42-9344-44E7-844C-524F13995981}.W7XP checked|Win32.Build.0 = W7XP checked|Win32
		{D42B8C42-9344-44E7-844C-524F13995981}.W7XP checked|Win32.Deploy.0 = W7XP checked|Win32
		{D42B8C42-9344-44E7-844C-524F13995981}.W7XP free|Win32.ActiveCfg = W7XP free|Win32
		{D42B8C42-9344-44E7-844C-524F13995981}.W7XP free|Win32.Build.0 = W7XP free|Win32
		{D42B8C42-9344-44E7-844C-524F13995981}.W7XP free|Win32.Deploy.0 = W7XP free|Win32
	EndGlobalSection
	GlobalSection(SolutionProperties) = preSolution
		HideSolutionNode = FALSE
	EndGlobalSection
EndGlobal
