
Microsoft Visual Studio Solution File, Format Version 11.00
# Visual Studio 2010
Project("{8BC9CEB8-8B4A-11D0-8D11-00A0C91BC942}") = "IDAStealth", "IDAStealth.vcxproj", "{9295F5F3-F47E-4C50-B526-55AE13AA9457}"
	ProjectSection(ProjectDependencies) = postProject
		{8B566A2C-41AC-40FF-B1EF-8AD47A208093} = {8B566A2C-41AC-40FF-B1EF-8AD47A208093}
		{59339E37-7C43-4CD2-B7B5-DF10D9197655} = {59339E37-7C43-4CD2-B7B5-DF10D9197655}
		{D42B8C42-9344-44E7-844C-524F13995981} = {D42B8C42-9344-44E7-844C-524F13995981}
	EndProjectSection
EndProject
Project("{8BC9CEB8-8B4A-11D0-8D11-00A0C91BC942}") = "HideDebugger", "..\HideDebugger\HideDebugger.vcxproj", "{59339E37-7C43-4CD2-B7B5-DF10D9197655}"
EndProject
Project("{8BC9CEB8-8B4A-11D0-8D11-00A0C91BC942}") = "RDTSCEmu.WLH", "..\RDTSCEmu\driver\RDTSCEmu.WLH.vcxproj", "{8B566A2C-41AC-40FF-B1EF-8AD47A208093}"
EndProject
Project("{8BC9CEB8-8B4A-11D0-8D11-00A0C91BC942}") = "StealthDriver.W7", "..\StealthDriver\StealthDriver\StealthDriver.W7.vcxproj", "{D42B8C42-9344-44E7-844C-524F13995981}"
EndProject
Global
	GlobalSection(SolutionConfigurationPlatforms) = preSolution
		Debug|Win32 = Debug|Win32
		Release|Win32 = Release|Win32
		W7 checked (PREfast)|Win32 = W7 checked (PREfast)|Win32
		W7 checked|Win32 = W7 checked|Win32
		W7 free|Win32 = W7 free|Win32
		W7LH checked (PREfast)|Win32 = W7LH checked (PREfast)|Win32
		W7LH checked|Win32 = W7LH checked|Win32
		W7LH free|Win32 = W7LH free|Win32
		W7NET checked (PREfast)|Win32 = W7NET checked (PREfast)|Win32
		W7NET checked|Win32 = W7NET checked|Win32
		W7NET free|Win32 = W7NET free|Win32
		W7XP checked (PREfast)|Win32 = W7XP checked (PREfast)|Win32
		W7XP checked|Win32 = W7XP checked|Win32
		W7XP free|Win32 = W7XP free|Win32
		WLH checked|Win32 = WLH checked|Win32
		WLH free|Win32 = WLH free|Win32
		WLH2K checked|Win32 = WLH2K checked|Win32
		WLH2K free|Win32 = WLH2K free|Win32
		WLHNET checked|Win32 = WLHNET checked|Win32
		WLHNET free|Win32 = WLHNET free|Win32
		WLHXP checked|Win32 = WLHXP checked|Win32
		WLHXP free|Win32 = WLHXP free|Win32
	EndGlobalSection
	GlobalSection(ProjectConfigurationPlatforms) = postSolution
		{9295F5F3-F47E-4C50-B526-55AE13AA9457}.Debug|Win32.ActiveCfg = Debug|Win32
		{9295F5F3-F47E-4C50-B526-55AE13AA9457}.Debug|Win32.Build.0 = Debug|Win32
		{9295F5F3-F47E-4C50-B526-55AE13AA9457}.Release|Win32.ActiveCfg = Release|Win32
		{9295F5F3-F47E-4C50-B526-55AE13AA9457}.Release|Win32.Build.0 = Release|Win32
		{9295F5F3-F47E-4C50-B526-55AE13AA9457}.W7 checked (PREfast)|Win32.ActiveCfg = Template|Win32
		{9295F5F3-F47E-4C50-B526-55AE13AA9457}.W7 checked (PREfast)|Win32.Build.0 = Template|Win32
		{9295F5F3-F47E-4C50-B526-55AE13AA9457}.W7 checked|Win32.ActiveCfg = Template|Win32
		{9295F5F3-F47E-4C50-B526-55AE13AA9457}.W7 checked|Win32.Build.0 = Template|Win32
		{9295F5F3-F47E-4C50-B526-55AE13AA9457}.W7 free|Win32.ActiveCfg = Template|Win32
		{9295F5F3-F47E-4C50-B526-55AE13AA9457}.W7 free|Win32.Build.0 = Template|Win32
		{9295F5F3-F47E-4C50-B526-55AE13AA9457}.W7LH checked (PREfast)|Win32.ActiveCfg = Template|Win32
		{9295F5F3-F47E-4C50-B526-55AE13AA9457}.W7LH checked (PREfast)|Win32.Build.0 = Template|Win32
		{9295F5F3-F47E-4C50-B526-55AE13AA9457}.W7LH checked|Win32.ActiveCfg = Template|Win32
		{9295F5F3-F47E-4C50-B526-55AE13AA9457}.W7LH checked|Win32.Build.0 = Template|Win32
		{9295F5F3-F47E-4C50-B526-55AE13AA9457}.W7LH free|Win32.ActiveCfg = Template|Win32
		{9295F5F3-F47E-4C50-B526-55AE13AA9457}.W7LH free|Win32.Build.0 = Template|Win32
		{9295F5F3-F47E-4C50-B526-55AE13AA9457}.W7NET checked (PREfast)|Win32.ActiveCfg = Template|Win32
		{9295F5F3-F47E-4C50-B526-55AE13AA9457}.W7NET checked (PREfast)|Win32.Build.0 = Template|Win32
		{9295F5F3-F47E-4C50-B526-55AE13AA9457}.W7NET checked|Win32.ActiveCfg = Template|Win32
		{9295F5F3-F47E-4C50-B526-55AE13AA9457}.W7NET checked|Win32.Build.0 = Template|Win32
		{9295F5F3-F47E-4C50-B526-55AE13AA9457}.W7NET free|Win32.ActiveCfg = Template|Win32
		{9295F5F3-F47E-4C50-B526-55AE13AA9457}.W7NET free|Win32.Build.0 = Template|Win32
		{9295F5F3-F47E-4C50-B526-55AE13AA9457}.W7XP checked (PREfast)|Win32.ActiveCfg = Template|Win32
		{9295F5F3-F47E-4C50-B526-55AE13AA9457}.W7XP checked (PREfast)|Win32.Build.0 = Template|Win32
		{9295F5F3-F47E-4C50-B526-55AE13AA9457}.W7XP checked|Win32.ActiveCfg = Template|Win32
		{9295F5F3-F47E-4C50-B526-55AE13AA9457}.W7XP checked|Win32.Build.0 = Template|Win32
		{9295F5F3-F47E-4C50-B526-55AE13AA9457}.W7XP free|Win32.ActiveCfg = Template|Win32
		{9295F5F3-F47E-4C50-B526-55AE13AA9457}.W7XP free|Win32.Build.0 = Template|Win32
		{9295F5F3-F47E-4C50-B526-55AE13AA9457}.WLH checked|Win32.ActiveCfg = Template|Win32
		{9295F5F3-F47E-4C50-B526-55AE13AA9457}.WLH checked|Win32.Build.0 = Template|Win32
		{9295F5F3-F47E-4C50-B526-55AE13AA9457}.WLH free|Win32.ActiveCfg = Template|Win32
		{9295F5F3-F47E-4C50-B526-55AE13AA9457}.WLH free|Win32.Build.0 = Template|Win32
		{9295F5F3-F47E-4C50-B526-55AE13AA9457}.WLH2K checked|Win32.ActiveCfg = Template|Win32
		{9295F5F3-F47E-4C50-B526-55AE13AA9457}.WLH2K checked|Win32.Build.0 = Template|Win32
		{9295F5F3-F47E-4C50-B526-55AE13AA9457}.WLH2K free|Win32.ActiveCfg = Template|Win32
		{9295F5F3-F47E-4C50-B526-55AE13AA9457}.WLH2K free|Win32.Build.0 = Template|Win32
		{9295F5F3-F47E-4C50-B526-55AE13AA9457}.WLHNET checked|Win32.ActiveCfg = Template|Win32
		{9295F5F3-F47E-4C50-B526-55AE13AA9457}.WLHNET checked|Win32.Build.0 = Template|Win32
		{9295F5F3-F47E-4C50-B526-55AE13AA9457}.WLHNET free|Win32.ActiveCfg = Template|Win32
		{9295F5F3-F47E-4C50-B526-55AE13AA9457}.WLHNET free|Win32.Build.0 = Template|Win32
		{9295F5F3-F47E-4C50-B526-55AE13AA9457}.WLHXP checked|Win32.ActiveCfg = Template|Win32
		{9295F5F3-F47E-4C50-B526-55AE13AA9457}.WLHXP checked|Win32.Build.0 = Template|Win32
		{9295F5F3-F47E-4C50-B526-55AE13AA9457}.WLHXP free|Win32.ActiveCfg = Template|Win32
		{9295F5F3-F47E-4C50-B526-55AE13AA9457}.WLHXP free|Win32.Build.0 = Template|Win32
		{59339E37-7C43-4CD2-B7B5-DF10D9197655}.Debug|Win32.ActiveCfg = Debug|Win32
		{59339E37-7C43-4CD2-B7B5-DF10D9197655}.Debug|Win32.Build.0 = Debug|Win32
		{59339E37-7C43-4CD2-B7B5-DF10D9197655}.Release|Win32.ActiveCfg = Release|Win32
		{59339E37-7C43-4CD2-B7B5-DF10D9197655}.Release|Win32.Build.0 = Release|Win32
		{59339E37-7C43-4CD2-B7B5-DF10D9197655}.W7 checked (PREfast)|Win32.ActiveCfg = Release|Win32
		{59339E37-7C43-4CD2-B7B5-DF10D9197655}.W7 checked (PREfast)|Win32.Build.0 = Release|Win32
		{59339E37-7C43-4CD2-B7B5-DF10D9197655}.W7 checked|Win32.ActiveCfg = Release|Win32
		{59339E37-7C43-4CD2-B7B5-DF10D9197655}.W7 checked|Win32.Build.0 = Release|Win32
		{59339E37-7C43-4CD2-B7B5-DF10D9197655}.W7 free|Win32.ActiveCfg = Release|Win32
		{59339E37-7C43-4CD2-B7B5-DF10D9197655}.W7 free|Win32.Build.0 = Release|Win32
		{59339E37-7C43-4CD2-B7B5-DF10D9197655}.W7LH checked (PREfast)|Win32.ActiveCfg = Release|Win32
		{59339E37-7C43-4CD2-B7B5-DF10D9197655}.W7LH checked (PREfast)|Win32.Build.0 = Release|Win32
		{59339E37-7C43-4CD2-B7B5-DF10D9197655}.W7LH checked|Win32.ActiveCfg = Release|Win32
		{59339E37-7C43-4CD2-B7B5-DF10D9197655}.W7LH checked|Win32.Build.0 = Release|Win32
		{59339E37-7C43-4CD2-B7B5-DF10D9197655}.W7LH free|Win32.ActiveCfg = Release|Win32
		{59339E37-7C43-4CD2-B7B5-DF10D9197655}.W7LH free|Win32.Build.0 = Release|Win32
		{59339E37-7C43-4CD2-B7B5-DF10D9197655}.W7NET checked (PREfast)|Win32.ActiveCfg = Release|Win32
		{59339E37-7C43-4CD2-B7B5-DF10D9197655}.W7NET checked (PREfast)|Win32.Build.0 = Release|Win32
		{59339E37-7C43-4CD2-B7B5-DF10D9197655}.W7NET checked|Win32.ActiveCfg = Release|Win32
		{59339E37-7C43-4CD2-B7B5-DF10D9197655}.W7NET checked|Win32.Build.0 = Release|Win32
		{59339E37-7C43-4CD2-B7B5-DF10D9197655}.W7NET free|Win32.ActiveCfg = Release|Win32
		{59339E37-7C43-4CD2-B7B5-DF10D9197655}.W7NET free|Win32.Build.0 = Release|Win32
		{59339E37-7C43-4CD2-B7B5-DF10D9197655}.W7XP checked (PREfast)|Win32.ActiveCfg = Release|Win32
		{59339E37-7C43-4CD2-B7B5-DF10D9197655}.W7XP checked (PREfast)|Win32.Build.0 = Release|Win32
		{59339E37-7C43-4CD2-B7B5-DF10D9197655}.W7XP checked|Win32.ActiveCfg = Release|Win32
		{59339E37-7C43-4CD2-B7B5-DF10D9197655}.W7XP checked|Win32.Build.0 = Release|Win32
		{59339E37-7C43-4CD2-B7B5-DF10D9197655}.W7XP free|Win32.ActiveCfg = Release|Win32
		{59339E37-7C43-4CD2-B7B5-DF10D9197655}.W7XP free|Win32.Build.0 = Release|Win32
		{59339E37-7C43-4CD2-B7B5-DF10D9197655}.WLH checked|Win32.ActiveCfg = Release|Win32
		{59339E37-7C43-4CD2-B7B5-DF10D9197655}.WLH checked|Win32.Build.0 = Release|Win32
		{59339E37-7C43-4CD2-B7B5-DF10D9197655}.WLH free|Win32.ActiveCfg = Release|Win32
		{59339E37-7C43-4CD2-B7B5-DF10D9197655}.WLH free|Win32.Build.0 = Release|Win32
		{59339E37-7C43-4CD2-B7B5-DF10D9197655}.WLH2K checked|Win32.ActiveCfg = Release|Win32
		{59339E37-7C43-4CD2-B7B5-DF10D9197655}.WLH2K checked|Win32.Build.0 = Release|Win32
		{59339E37-7C43-4CD2-B7B5-DF10D9197655}.WLH2K free|Win32.ActiveCfg = Release|Win32
		{59339E37-7C43-4CD2-B7B5-DF10D9197655}.WLH2K free|Win32.Build.0 = Release|Win32
		{59339E37-7C43-4CD2-B7B5-DF10D9197655}.WLHNET checked|Win32.ActiveCfg = Release|Win32
		{59339E37-7C43-4CD2-B7B5-DF10D9197655}.WLHNET checked|Win32.Build.0 = Release|Win32
		{59339E37-7C43-4CD2-B7B5-DF10D9197655}.WLHNET free|Win32.ActiveCfg = Release|Win32
		{59339E37-7C43-4CD2-B7B5-DF10D9197655}.WLHNET free|Win32.Build.0 = Release|Win32
		{59339E37-7C43-4CD2-B7B5-DF10D9197655}.WLHXP checked|Win32.ActiveCfg = Release|Win32
		{59339E37-7C43-4CD2-B7B5-DF10D9197655}.WLHXP checked|Win32.Build.0 = Release|Win32
		{59339E37-7C43-4CD2-B7B5-DF10D9197655}.WLHXP free|Win32.ActiveCfg = Release|Win32
		{59339E37-7C43-4CD2-B7B5-DF10D9197655}.WLHXP free|Win32.Build.0 = Release|Win32
		{8B566A2C-41AC-40FF-B1EF-8AD47A208093}.Debug|Win32.ActiveCfg = WLHXP free|Win32
		{8B566A2C-41AC-40FF-B1EF-8AD47A208093}.Debug|Win32.Build.0 = WLHXP free|Win32
		{8B566A2C-41AC-40FF-B1EF-8AD47A208093}.Release|Win32.ActiveCfg = WLHXP free|Win32
		{8B566A2C-41AC-40FF-B1EF-8AD47A208093}.Release|Win32.Build.0 = WLHXP free|Win32
		{8B566A2C-41AC-40FF-B1EF-8AD47A208093}.W7 checked (PREfast)|Win32.ActiveCfg = WLHXP free|Win32
		{8B566A2C-41AC-40FF-B1EF-8AD47A208093}.W7 checked (PREfast)|Win32.Build.0 = WLHXP free|Win32
		{8B566A2C-41AC-40FF-B1EF-8AD47A208093}.W7 checked|Win32.ActiveCfg = WLHXP free|Win32
		{8B566A2C-41AC-40FF-B1EF-8AD47A208093}.W7 checked|Win32.Build.0 = WLHXP free|Win32
		{8B566A2C-41AC-40FF-B1EF-8AD47A208093}.W7 free|Win32.ActiveCfg = WLHXP free|Win32
		{8B566A2C-41AC-40FF-B1EF-8AD47A208093}.W7 free|Win32.Build.0 = WLHXP free|Win32
		{8B566A2C-41AC-40FF-B1EF-8AD47A208093}.W7LH checked (PREfast)|Win32.ActiveCfg = WLHXP free|Win32
		{8B566A2C-41AC-40FF-B1EF-8AD47A208093}.W7LH checked (PREfast)|Win32.Build.0 = WLHXP free|Win32
		{8B566A2C-41AC-40FF-B1EF-8AD47A208093}.W7LH checked|Win32.ActiveCfg = WLHXP free|Win32
		{8B566A2C-41AC-40FF-B1EF-8AD47A208093}.W7LH checked|Win32.Build.0 = WLHXP free|Win32
		{8B566A2C-41AC-40FF-B1EF-8AD47A208093}.W7LH free|Win32.ActiveCfg = WLHXP free|Win32
		{8B566A2C-41AC-40FF-B1EF-8AD47A208093}.W7LH free|Win32.Build.0 = WLHXP free|Win32
		{8B566A2C-41AC-40FF-B1EF-8AD47A208093}.W7NET checked (PREfast)|Win32.ActiveCfg = WLHXP free|Win32
		{8B566A2C-41AC-40FF-B1EF-8AD47A208093}.W7NET checked (PREfast)|Win32.Build.0 = WLHXP free|Win32
		{8B566A2C-41AC-40FF-B1EF-8AD47A208093}.W7NET checked|Win32.ActiveCfg = WLHXP free|Win32
		{8B566A2C-41AC-40FF-B1EF-8AD47A208093}.W7NET checked|Win32.Build.0 = WLHXP free|Win32
		{8B566A2C-41AC-40FF-B1EF-8AD47A208093}.W7NET free|Win32.ActiveCfg = WLHXP free|Win32
		{8B566A2C-41AC-40FF-B1EF-8AD47A208093}.W7NET free|Win32.Build.0 = WLHXP free|Win32
		{8B566A2C-41AC-40FF-B1EF-8AD47A208093}.W7XP checked (PREfast)|Win32.ActiveCfg = WLHXP free|Win32
		{8B566A2C-41AC-40FF-B1EF-8AD47A208093}.W7XP checked (PREfast)|Win32.Build.0 = WLHXP free|Win32
		{8B566A2C-41AC-40FF-B1EF-8AD47A208093}.W7XP checked|Win32.ActiveCfg = WLHXP free|Win32
		{8B566A2C-41AC-40FF-B1EF-8AD47A208093}.W7XP checked|Win32.Build.0 = WLHXP free|Win32
		{8B566A2C-41AC-40FF-B1EF-8AD47A208093}.W7XP free|Win32.ActiveCfg = WLHXP free|Win32
		{8B566A2C-41AC-40FF-B1EF-8AD47A208093}.W7XP free|Win32.Build.0 = WLHXP free|Win32
		{8B566A2C-41AC-40FF-B1EF-8AD47A208093}.WLH checked|Win32.ActiveCfg = WLH checked|Win32
		{8B566A2C-41AC-40FF-B1EF-8AD47A208093}.WLH checked|Win32.Build.0 = WLH checked|Win32
		{8B566A2C-41AC-40FF-B1EF-8AD47A208093}.WLH free|Win32.ActiveCfg = WLH free|Win32
		{8B566A2C-41AC-40FF-B1EF-8AD47A208093}.WLH free|Win32.Build.0 = WLH free|Win32
		{8B566A2C-41AC-40FF-B1EF-8AD47A208093}.WLH2K checked|Win32.ActiveCfg = WLH2K checked|Win32
		{8B566A2C-41AC-40FF-B1EF-8AD47A208093}.WLH2K checked|Win32.Build.0 = WLH2K checked|Win32
		{8B566A2C-41AC-40FF-B1EF-8AD47A208093}.WLH2K free|Win32.ActiveCfg = WLH2K free|Win32
		{8B566A2C-41AC-40FF-B1EF-8AD47A208093}.WLH2K free|Win32.Build.0 = WLH2K free|Win32
		{8B566A2C-41AC-40FF-B1EF-8AD47A208093}.WLHNET checked|Win32.ActiveCfg = WLHNET checked|Win32
		{8B566A2C-41AC-40FF-B1EF-8AD47A208093}.WLHNET checked|Win32.Build.0 = WLHNET checked|Win32
		{8B566A2C-41AC-40FF-B1EF-8AD47A208093}.WLHNET free|Win32.ActiveCfg = WLHNET free|Win32
		{8B566A2C-41AC-40FF-B1EF-8AD47A208093}.WLHNET free|Win32.Build.0 = WLHNET free|Win32
		{8B566A2C-41AC-40FF-B1EF-8AD47A208093}.WLHXP checked|Win32.ActiveCfg = WLHXP checked|Win32
		{8B566A2C-41AC-40FF-B1EF-8AD47A208093}.WLHXP checked|Win32.Build.0 = WLHXP checked|Win32
		{8B566A2C-41AC-40FF-B1EF-8AD47A208093}.WLHXP free|Win32.ActiveCfg = WLHXP free|Win32
		{8B566A2C-41AC-40FF-B1EF-8AD47A208093}.WLHXP free|Win32.Build.0 = WLHXP free|Win32
		{D42B8C42-9344-44E7-844C-524F13995981}.Debug|Win32.ActiveCfg = W7XP free|Win32
		{D42B8C42-9344-44E7-844C-524F13995981}.Debug|Win32.Build.0 = W7XP free|Win32
		{D42B8C42-9344-44E7-844C-524F13995981}.Release|Win32.ActiveCfg = W7XP free|Win32
		{D42B8C42-9344-44E7-844C-524F13995981}.Release|Win32.Build.0 = W7XP free|Win32
		{D42B8C42-9344-44E7-844C-524F13995981}.W7 checked (PREfast)|Win32.ActiveCfg = W7 checked (PREfast)|Win32
		{D42B8C42-9344-44E7-844C-524F13995981}.W7 checked (PREfast)|Win32.Build.0 = W7 checked (PREfast)|Win32
		{D42B8C42-9344-44E7-844C-524F13995981}.W7 checked|Win32.ActiveCfg = W7 checked|Win32
		{D42B8C42-9344-44E7-844C-524F13995981}.W7 checked|Win32.Build.0 = W7 checked|Win32
		{D42B8C42-9344-44E7-844C-524F13995981}.W7 free|Win32.ActiveCfg = W7 free|Win32
		{D42B8C42-9344-44E7-844C-524F13995981}.W7 free|Win32.Build.0 = W7 free|Win32
		{D42B8C42-9344-44E7-844C-524F13995981}.W7LH checked (PREfast)|Win32.ActiveCfg = W7LH checked (PREfast)|Win32
		{D42B8C42-9344-44E7-844C-524F13995981}.W7LH checked (PREfast)|Win32.Build.0 = W7LH checked (PREfast)|Win32
		{D42B8C42-9344-44E7-844C-524F13995981}.W7LH checked|Win32.ActiveCfg = W7LH checked|Win32
		{D42B8C42-9344-44E7-844C-524F13995981}.W7LH checked|Win32.Build.0 = W7LH checked|Win32
		{D42B8C42-9344-44E7-844C-524F13995981}.W7LH free|Win32.ActiveCfg = W7LH free|Win32
		{D42B8C42-9344-44E7-844C-524F13995981}.W7LH free|Win32.Build.0 = W7LH free|Win32
		{D42B8C42-9344-44E7-844C-524F13995981}.W7NET checked (PREfast)|Win32.ActiveCfg = W7NET checked (PREfast)|Win32
		{D42B8C42-9344-44E7-844C-524F13995981}.W7NET checked (PREfast)|Win32.Build.0 = W7NET checked (PREfast)|Win32
		{D42B8C42-9344-44E7-844C-524F13995981}.W7NET checked|Win32.ActiveCfg = W7NET checked|Win32
		{D42B8C42-9344-44E7-844C-524F13995981}.W7NET checked|Win32.Build.0 = W7NET checked|Win32
		{D42B8C42-9344-44E7-844C-524F13995981}.W7NET free|Win32.ActiveCfg = W7NET free|Win32
		{D42B8C42-9344-44E7-844C-524F13995981}.W7NET free|Win32.Build.0 = W7NET free|Win32
		{D42B8C42-9344-44E7-844C-524F13995981}.W7XP checked (PREfast)|Win32.ActiveCfg = W7XP checked (PREfast)|Win32
		{D42B8C42-9344-44E7-844C-524F13995981}.W7XP checked (PREfast)|Win32.Build.0 = W7XP checked (PREfast)|Win32
		{D42B8C42-9344-44E7-844C-524F13995981}.W7XP checked|Win32.ActiveCfg = W7XP checked|Win32
		{D42B8C42-9344-44E7-844C-524F13995981}.W7XP checked|Win32.Build.0 = W7XP checked|Win32
		{D42B8C42-9344-44E7-844C-524F13995981}.W7XP free|Win32.ActiveCfg = W7XP free|Win32
		{D42B8C42-9344-44E7-844C-524F13995981}.W7XP free|Win32.Build.0 = W7XP free|Win32
		{D42B8C42-9344-44E7-844C-524F13995981}.WLH checked|Win32.ActiveCfg = W7XP free|Win32
		{D42B8C42-9344-44E7-844C-524F13995981}.WLH checked|Win32.Build.0 = W7XP free|Win32
		{D42B8C42-9344-44E7-844C-524F13995981}.WLH free|Win32.ActiveCfg = W7XP free|Win32
		{D42B8C42-9344-44E7-844C-524F13995981}.WLH free|Win32.Build.0 = W7XP free|Win32
		{D42B8C42-9344-44E7-844C-524F13995981}.WLH2K checked|Win32.ActiveCfg = W7XP free|Win32
		{D42B8C42-9344-44E7-844C-524F13995981}.WLH2K checked|Win32.Build.0 = W7XP free|Win32
		{D42B8C42-9344-44E7-844C-524F13995981}.WLH2K free|Win32.ActiveCfg = W7XP free|Win32
		{D42B8C42-9344-44E7-844C-524F13995981}.WLH2K free|Win32.Build.0 = W7XP free|Win32
		{D42B8C42-9344-44E7-844C-524F13995981}.WLHNET checked|Win32.ActiveCfg = W7XP free|Win32
		{D42B8C42-9344-44E7-844C-524F13995981}.WLHNET checked|Win32.Build.0 = W7XP free|Win32
		{D42B8C42-9344-44E7-844C-524F13995981}.WLHNET free|Win32.ActiveCfg = W7XP free|Win32
		{D42B8C42-9344-44E7-844C-524F13995981}.WLHNET free|Win32.Build.0 = W7XP free|Win32
		{D42B8C42-9344-44E7-844C-524F13995981}.WLHXP checked|Win32.ActiveCfg = W7XP free|Win32
		{D42B8C42-9344-44E7-844C-524F13995981}.WLHXP checked|Win32.Build.0 = W7XP free|Win32
		{D42B8C42-9344-44E7-844C-524F13995981}.WLHXP free|Win32.ActiveCfg = W7XP free|Win32
		{D42B8C42-9344-44E7-844C-524F13995981}.WLHXP free|Win32.Build.0 = W7XP free|Win32
	EndGlobalSection
	GlobalSection(SolutionProperties) = preSolution
		HideSolutionNode = FALSE
	EndGlobalSection
EndGlobal
