<?xml version="1.0" encoding="utf-8"?>
<Project ToolsVersion="4.0" xmlns="http://schemas.microsoft.com/developer/msbuild/2003">
  <ItemGroup>
    <Filter Include="Source Files">
      <UniqueIdentifier>{8c8464c3-94f6-42b9-af0a-154f425afc44}</UniqueIdentifier>
      <Extensions>cpp;c;cxx;def;asm;mc</Extensions>
    </Filter>
    <Filter Include="Header Files">
      <UniqueIdentifier>{01f514fb-7c9b-4569-9d0c-063d62c9bf1c}</UniqueIdentifier>
      <Extensions>h;hpp;hxx</Extensions>
    </Filter>
    <Filter Include="Resource Files">
      <UniqueIdentifier>{d3ad0b22-b1d3-4697-9796-4d9aaac9a9c9}</UniqueIdentifier>
      <Extensions>rc;mc;ico;cur;bmp;dlg;rc2</Extensions>
    </Filter>
    <Filter Include="Special Files">
      <UniqueIdentifier>{b4eaacb1-328d-421d-8d95-ceea2cbd6d60}</UniqueIdentifier>
      <Extensions>*</Extensions>
    </Filter>
  </ItemGroup>
  <ItemGroup>
    <ClCompile Include="HookInt.cpp">
      <Filter>Source Files</Filter>
    </ClCompile>
    <ClCompile Include="RDTSCEmu.cpp">
      <Filter>Source Files</Filter>
    </ClCompile>
  </ItemGroup>
  <ItemGroup>
    <ClInclude Include="..\distorm\distorm.h">
      <Filter>Header Files</Filter>
    </ClInclude>
    <ClInclude Include="drvcommon.h">
      <Filter>Header Files</Filter>
    </ClInclude>
    <ClInclude Include="drvversion.h">
      <Filter>Header Files</Filter>
    </ClInclude>
    <ClInclude Include="HookInt.h">
      <Filter>Header Files</Filter>
    </ClInclude>
    <ClInclude Include="RDTSCEmu.h">
      <Filter>Header Files</Filter>
    </ClInclude>
  </ItemGroup>
  <ItemGroup>
    <ResourceCompile Include="drvversion.rc">
      <Filter>Resource Files</Filter>
    </ResourceCompile>
  </ItemGroup>
  <ItemGroup>
    <None Include="makefile">
      <Filter>Special Files</Filter>
    </None>
    <None Include="sources">
      <Filter>Special Files</Filter>
    </None>
  </ItemGroup>
</Project>